{
  "lockfileVersion": 1,
  "configVersion": 1,
  "workspaces": {
    "": {
      "name": "@sidgaikwad/db-setup",
      "dependencies": {
        "@inquirer/prompts": "^6.0.0",
        "chalk": "^5.3.0",
        "dotenv": "^16.3.1",
        "inquirer": "^13.1.0",
      },
      "devDependencies": {
        "@types/node": "^20.0.0",
        "bun-types": "latest",
        "typescript": "^5.0.0",
      },
    },
  },
  "packages": {
    "@inquirer/ansi": ["@inquirer/ansi@2.0.2", "", {}, "sha512-SYLX05PwJVnW+WVegZt1T4Ip1qba1ik+pNJPDiqvk6zS5Y/i8PhRzLpGEtVd7sW0G8cMtkD8t4AZYhQwm8vnww=="],

    "@inquirer/checkbox": ["@inquirer/checkbox@3.0.1", "", { "dependencies": { "@inquirer/core": "^9.2.1", "@inquirer/figures": "^1.0.6", "@inquirer/type": "^2.0.0", "ansi-escapes": "^4.3.2", "yoctocolors-cjs": "^2.1.2" } }, "sha512-0hm2nrToWUdD6/UHnel/UKGdk1//ke5zGUpHIvk5ZWmaKezlGxZkOJXNSWsdxO/rEqTkbB3lNC2J6nBElV2aAQ=="],

    "@inquirer/confirm": ["@inquirer/confirm@4.0.1", "", { "dependencies": { "@inquirer/core": "^9.2.1", "@inquirer/type": "^2.0.0" } }, "sha512-46yL28o2NJ9doViqOy0VDcoTzng7rAb6yPQKU7VDLqkmbCaH4JqK4yk4XqlzNWy9PVC5pG1ZUXPBQv+VqnYs2w=="],

    "@inquirer/core": ["@inquirer/core@11.1.0", "", { "dependencies": { "@inquirer/ansi": "^2.0.2", "@inquirer/figures": "^2.0.2", "@inquirer/type": "^4.0.2", "cli-width": "^4.1.0", "mute-stream": "^3.0.0", "signal-exit": "^4.1.0", "wrap-ansi": "^9.0.2" }, "peerDependencies": { "@types/node": ">=18" }, "optionalPeers": ["@types/node"] }, "sha512-+jD/34T1pK8M5QmZD/ENhOfXdl9Zr+BrQAUc5h2anWgi7gggRq15ZbiBeLoObj0TLbdgW7TAIQRU2boMc9uOKQ=="],

    "@inquirer/editor": ["@inquirer/editor@3.0.1", "", { "dependencies": { "@inquirer/core": "^9.2.1", "@inquirer/type": "^2.0.0", "external-editor": "^3.1.0" } }, "sha512-VA96GPFaSOVudjKFraokEEmUQg/Lub6OXvbIEZU1SDCmBzRkHGhxoFAVaF30nyiB4m5cEbDgiI2QRacXZ2hw9Q=="],

    "@inquirer/expand": ["@inquirer/expand@3.0.1", "", { "dependencies": { "@inquirer/core": "^9.2.1", "@inquirer/type": "^2.0.0", "yoctocolors-cjs": "^2.1.2" } }, "sha512-ToG8d6RIbnVpbdPdiN7BCxZGiHOTomOX94C2FaT5KOHupV40tKEDozp12res6cMIfRKrXLJyexAZhWVHgbALSQ=="],

    "@inquirer/external-editor": ["@inquirer/external-editor@2.0.2", "", { "dependencies": { "chardet": "^2.1.1", "iconv-lite": "^0.7.0" }, "peerDependencies": { "@types/node": ">=18" }, "optionalPeers": ["@types/node"] }, "sha512-X/fMXK7vXomRWEex1j8mnj7s1mpnTeP4CO/h2gysJhHLT2WjBnLv4ZQEGpm/kcYI8QfLZ2fgW+9kTKD+jeopLg=="],

    "@inquirer/figures": ["@inquirer/figures@1.0.15", "", {}, "sha512-t2IEY+unGHOzAaVM5Xx6DEWKeXlDDcNPeDyUpsRc6CUhBfU3VQOEl+Vssh7VNp1dR8MdUJBWhuObjXCsVpjN5g=="],

    "@inquirer/input": ["@inquirer/input@3.0.1", "", { "dependencies": { "@inquirer/core": "^9.2.1", "@inquirer/type": "^2.0.0" } }, "sha512-BDuPBmpvi8eMCxqC5iacloWqv+5tQSJlUafYWUe31ow1BVXjW2a5qe3dh4X/Z25Wp22RwvcaLCc2siHobEOfzg=="],

    "@inquirer/number": ["@inquirer/number@2.0.1", "", { "dependencies": { "@inquirer/core": "^9.2.1", "@inquirer/type": "^2.0.0" } }, "sha512-QpR8jPhRjSmlr/mD2cw3IR8HRO7lSVOnqUvQa8scv1Lsr3xoAMMworcYW3J13z3ppjBFBD2ef1Ci6AE5Qn8goQ=="],

    "@inquirer/password": ["@inquirer/password@3.0.1", "", { "dependencies": { "@inquirer/core": "^9.2.1", "@inquirer/type": "^2.0.0", "ansi-escapes": "^4.3.2" } }, "sha512-haoeEPUisD1NeE2IanLOiFr4wcTXGWrBOyAyPZi1FfLJuXOzNmxCJPgUrGYKVh+Y8hfGJenIfz5Wb/DkE9KkMQ=="],

    "@inquirer/prompts": ["@inquirer/prompts@6.0.1", "", { "dependencies": { "@inquirer/checkbox": "^3.0.1", "@inquirer/confirm": "^4.0.1", "@inquirer/editor": "^3.0.1", "@inquirer/expand": "^3.0.1", "@inquirer/input": "^3.0.1", "@inquirer/number": "^2.0.1", "@inquirer/password": "^3.0.1", "@inquirer/rawlist": "^3.0.1", "@inquirer/search": "^2.0.1", "@inquirer/select": "^3.0.1" } }, "sha512-yl43JD/86CIj3Mz5mvvLJqAOfIup7ncxfJ0Btnl0/v5TouVUyeEdcpknfgc+yMevS/48oH9WAkkw93m7otLb/A=="],

    "@inquirer/rawlist": ["@inquirer/rawlist@3.0.1", "", { "dependencies": { "@inquirer/core": "^9.2.1", "@inquirer/type": "^2.0.0", "yoctocolors-cjs": "^2.1.2" } }, "sha512-VgRtFIwZInUzTiPLSfDXK5jLrnpkuSOh1ctfaoygKAdPqjcjKYmGh6sCY1pb0aGnCGsmhUxoqLDUAU0ud+lGXQ=="],

    "@inquirer/search": ["@inquirer/search@2.0.1", "", { "dependencies": { "@inquirer/core": "^9.2.1", "@inquirer/figures": "^1.0.6", "@inquirer/type": "^2.0.0", "yoctocolors-cjs": "^2.1.2" } }, "sha512-r5hBKZk3g5MkIzLVoSgE4evypGqtOannnB3PKTG9NRZxyFRKcfzrdxXXPcoJQsxJPzvdSU2Rn7pB7lw0GCmGAg=="],

    "@inquirer/select": ["@inquirer/select@3.0.1", "", { "dependencies": { "@inquirer/core": "^9.2.1", "@inquirer/figures": "^1.0.6", "@inquirer/type": "^2.0.0", "ansi-escapes": "^4.3.2", "yoctocolors-cjs": "^2.1.2" } }, "sha512-lUDGUxPhdWMkN/fHy1Lk7pF3nK1fh/gqeyWXmctefhxLYxlDsc7vsPBEpxrfVGDsVdyYJsiJoD4bJ1b623cV1Q=="],

    "@inquirer/type": ["@inquirer/type@4.0.2", "", { "peerDependencies": { "@types/node": ">=18" }, "optionalPeers": ["@types/node"] }, "sha512-cae7mzluplsjSdgFA6ACLygb5jC8alO0UUnFPyu0E7tNRPrL+q/f8VcSXp+cjZQ7l5CMpDpi2G1+IQvkOiL1Lw=="],

    "@types/mute-stream": ["@types/mute-stream@0.0.4", "", { "dependencies": { "@types/node": "*" } }, "sha512-CPM9nzrCPPJHQNA9keH9CVkVI+WR5kMa+7XEs5jcGQ0VoAGnLv242w8lIVgwAEfmE4oufJRaTc9PNLQl0ioAow=="],

    "@types/node": ["@types/node@20.19.27", "", { "dependencies": { "undici-types": "~6.21.0" } }, "sha512-N2clP5pJhB2YnZJ3PIHFk5RkygRX5WO/5f0WC08tp0wd+sv0rsJk3MqWn3CbNmT2J505a5336jaQj4ph1AdMug=="],

    "@types/wrap-ansi": ["@types/wrap-ansi@3.0.0", "", {}, "sha512-ltIpx+kM7g/MLRZfkbL7EsCEjfzCcScLpkg37eXEtx5kmrAKBkTJwd1GIAjDSL8wTpM6Hzn5YO4pSb91BEwu1g=="],

    "ansi-escapes": ["ansi-escapes@4.3.2", "", { "dependencies": { "type-fest": "^0.21.3" } }, "sha512-gKXj5ALrKWQLsYG9jlTRmR/xKluxHV+Z9QEwNIgCfM1/uwPMCuzVVnh5mwTd+OuBZcwSIMbqssNWRm1lE51QaQ=="],

    "ansi-regex": ["ansi-regex@5.0.1", "", {}, "sha512-quJQXlTSUGL2LH9SUXo8VwsY4soanhgo6LNSm84E1LBcE8s3O0wpdiRzyR9z/ZZJMlMWv37qOOb9pdJlMUEKFQ=="],

    "ansi-styles": ["ansi-styles@6.2.3", "", {}, "sha512-4Dj6M28JB+oAH8kFkTLUo+a2jwOFkuqb3yucU0CANcRRUbxS0cP0nZYCGjcc3BNXwRIsUVmDGgzawme7zvJHvg=="],

    "bun-types": ["bun-types@1.3.5", "", { "dependencies": { "@types/node": "*" } }, "sha512-inmAYe2PFLs0SUbFOWSVD24sg1jFlMPxOjOSSCYqUgn4Hsc3rDc7dFvfVYjFPNHtov6kgUeulV4SxbuIV/stPw=="],

    "chalk": ["chalk@5.6.2", "", {}, "sha512-7NzBL0rN6fMUW+f7A6Io4h40qQlG+xGmtMxfbnH/K7TAtt8JQWVQK+6g0UXKMeVJoyV5EkkNsErQ8pVD3bLHbA=="],

    "chardet": ["chardet@0.7.0", "", {}, "sha512-mT8iDcrh03qDGRRmoA2hmBJnxpllMR+0/0qlzjqZES6NdiWDcZkCNAk4rPFZ9Q85r27unkiNNg8ZOiwZXBHwcA=="],

    "cli-width": ["cli-width@4.1.0", "", {}, "sha512-ouuZd4/dm2Sw5Gmqy6bGyNNNe1qt9RpmxveLSO7KcgsTnU7RXfsw+/bukWGo1abgBiMAic068rclZsO4IWmmxQ=="],

    "color-convert": ["color-convert@2.0.1", "", { "dependencies": { "color-name": "~1.1.4" } }, "sha512-RRECPsj7iu/xb5oKYcsFHSppFNnsj/52OVTRKb4zP5onXwVF3zVmmToNcOfGC+CRDpfK/U584fMg38ZHCaElKQ=="],

    "color-name": ["color-name@1.1.4", "", {}, "sha512-dOy+3AuW3a2wNbZHIuMZpTcgjGuLU/uBL/ubcZF9OXbDo8ff4O8yVp5Bf0efS8uEoYo5q4Fx7dY9OgQGXgAsQA=="],

    "dotenv": ["dotenv@16.6.1", "", {}, "sha512-uBq4egWHTcTt33a72vpSG0z3HnPuIl6NqYcTrKEg2azoEyl2hpW0zqlxysq2pK9HlDIHyHyakeYaYnSAwd8bow=="],

    "emoji-regex": ["emoji-regex@10.6.0", "", {}, "sha512-toUI84YS5YmxW219erniWD0CIVOo46xGKColeNQRgOzDorgBi1v4D71/OFzgD9GO2UGKIv1C3Sp8DAn0+j5w7A=="],

    "external-editor": ["external-editor@3.1.0", "", { "dependencies": { "chardet": "^0.7.0", "iconv-lite": "^0.4.24", "tmp": "^0.0.33" } }, "sha512-hMQ4CX1p1izmuLYyZqLMO/qGNw10wSv9QDCPfzXfyFrOaCSSoRfqE1Kf1s5an66J5JZC62NewG+mK49jOCtQew=="],

    "get-east-asian-width": ["get-east-asian-width@1.4.0", "", {}, "sha512-QZjmEOC+IT1uk6Rx0sX22V6uHWVwbdbxf1faPqJ1QhLdGgsRGCZoyaQBm/piRdJy/D2um6hM1UP7ZEeQ4EkP+Q=="],

    "iconv-lite": ["iconv-lite@0.4.24", "", { "dependencies": { "safer-buffer": ">= 2.1.2 < 3" } }, "sha512-v3MXnZAcvnywkTUEZomIActle7RXXeedOR31wwl7VlyoXO4Qi9arvSenNQWne1TcRwhCL1HwLI21bEqdpj8/rA=="],

    "inquirer": ["inquirer@13.1.0", "", { "dependencies": { "@inquirer/ansi": "^2.0.2", "@inquirer/core": "^11.1.0", "@inquirer/prompts": "^8.1.0", "@inquirer/type": "^4.0.2", "mute-stream": "^3.0.0", "run-async": "^4.0.6", "rxjs": "^7.8.2" }, "peerDependencies": { "@types/node": ">=18" }, "optionalPeers": ["@types/node"] }, "sha512-4vv4GS/9HLnn0radvmHlXUXiNkd2gYCBQ4U1rxZWBJDisu2Z06bzUM9CFU8pcu1vwuAQjo6O+CFiqCYNsEi6qQ=="],

    "is-fullwidth-code-point": ["is-fullwidth-code-point@3.0.0", "", {}, "sha512-zymm5+u+sCsSWyD9qNaejV3DFvhCKclKdizYaJUuHA83RLjb7nSuGnddCHGv0hk+KY7BMAlsWeK4Ueg6EV6XQg=="],

    "mute-stream": ["mute-stream@3.0.0", "", {}, "sha512-dkEJPVvun4FryqBmZ5KhDo0K9iDXAwn08tMLDinNdRBNPcYEDiWYysLcc6k3mjTMlbP9KyylvRpd4wFtwrT9rw=="],

    "os-tmpdir": ["os-tmpdir@1.0.2", "", {}, "sha512-D2FR03Vir7FIu45XBY20mTb+/ZSWB00sjU9jdQXt83gDrI4Ztz5Fs7/yy74g2N5SVQY4xY1qDr4rNddwYRVX0g=="],

    "run-async": ["run-async@4.0.6", "", {}, "sha512-IoDlSLTs3Yq593mb3ZoKWKXMNu3UpObxhgA/Xuid5p4bbfi2jdY1Hj0m1K+0/tEuQTxIGMhQDqGjKb7RuxGpAQ=="],

    "rxjs": ["rxjs@7.8.2", "", { "dependencies": { "tslib": "^2.1.0" } }, "sha512-dhKf903U/PQZY6boNNtAGdWbG85WAbjT/1xYoZIC7FAY0yWapOBQVsVrDl58W86//e1VpMNBtRV4MaXfdMySFA=="],

    "safer-buffer": ["safer-buffer@2.1.2", "", {}, "sha512-YZo3K82SD7Riyi0E1EQPojLz7kpepnSQI9IyPbHHg1XXXevb5dJI7tpyN2ADxGcQbHG7vcyRHk0cbwqcQriUtg=="],

    "signal-exit": ["signal-exit@4.1.0", "", {}, "sha512-bzyZ1e88w9O1iNJbKnOlvYTrWPDl46O1bG0D3XInv+9tkPrxrN8jUUTiFlDkkmKWgn1M6CfIA13SuGqOa9Korw=="],

    "string-width": ["string-width@7.2.0", "", { "dependencies": { "emoji-regex": "^10.3.0", "get-east-asian-width": "^1.0.0", "strip-ansi": "^7.1.0" } }, "sha512-tsaTIkKW9b4N+AEj+SVA+WhJzV7/zMhcSu78mLKWSk7cXMOSHsBKFWUs0fWwq8QyK3MgJBQRX6Gbi4kYbdvGkQ=="],

    "strip-ansi": ["strip-ansi@6.0.1", "", { "dependencies": { "ansi-regex": "^5.0.1" } }, "sha512-Y38VPSHcqkFrCpFnQ9vuSXmquuv5oXOKpGeT6aGrr3o3Gc9AlVa6JBfUSOCnbxGGZF+/0ooI7KrPuUSztUdU5A=="],

    "tmp": ["tmp@0.0.33", "", { "dependencies": { "os-tmpdir": "~1.0.2" } }, "sha512-jRCJlojKnZ3addtTOjdIqoRuPEKBvNXcGYqzO6zWZX8KfKEpnGY5jfggJQ3EjKuu8D4bJRr0y+cYJFmYbImXGw=="],

    "tslib": ["tslib@2.8.1", "", {}, "sha512-oJFu94HQb+KVduSUQL7wnpmqnfmLsOA/nAh6b6EH0wCEoK0/mPeXU6c3wKDV83MkOuHPRHtSXKKU99IBazS/2w=="],

    "type-fest": ["type-fest@0.21.3", "", {}, "sha512-t0rzBq87m3fVcduHDUFhKmyyX+9eo6WQjZvf51Ea/M0Q7+T374Jp1aUiyUl0GKxp8M/OETVHSDvmkyPgvX+X2w=="],

    "typescript": ["typescript@5.9.3", "", { "bin": { "tsc": "bin/tsc", "tsserver": "bin/tsserver" } }, "sha512-jl1vZzPDinLr9eUt3J/t7V6FgNEw9QjvBPdysz9KfQDD41fQrC2Y4vKQdiaUpFT4bXlb1RHhLpp8wtm6M5TgSw=="],

    "undici-types": ["undici-types@6.21.0", "", {}, "sha512-iwDZqg0QAGrg9Rav5H4n0M64c3mkR59cJ6wQp+7C4nI0gsmExaedaYLNO44eT4AtBBwjbTiGPMlt2Md0T9H9JQ=="],

    "wrap-ansi": ["wrap-ansi@9.0.2", "", { "dependencies": { "ansi-styles": "^6.2.1", "string-width": "^7.0.0", "strip-ansi": "^7.1.0" } }, "sha512-42AtmgqjV+X1VpdOfyTGOYRi0/zsoLqtXQckTmqTeybT+BDIbM/Guxo7x3pE2vtpr1ok6xRqM9OpBe+Jyoqyww=="],

    "yoctocolors-cjs": ["yoctocolors-cjs@2.1.3", "", {}, "sha512-U/PBtDf35ff0D8X8D0jfdzHYEPFxAI7jJlxZXwCSez5M3190m+QobIfh+sWDWSHMCWWJN2AWamkegn6vr6YBTw=="],

    "@inquirer/checkbox/@inquirer/core": ["@inquirer/core@9.2.1", "", { "dependencies": { "@inquirer/figures": "^1.0.6", "@inquirer/type": "^2.0.0", "@types/mute-stream": "^0.0.4", "@types/node": "^22.5.5", "@types/wrap-ansi": "^3.0.0", "ansi-escapes": "^4.3.2", "cli-width": "^4.1.0", "mute-stream": "^1.0.0", "signal-exit": "^4.1.0", "strip-ansi": "^6.0.1", "wrap-ansi": "^6.2.0", "yoctocolors-cjs": "^2.1.2" } }, "sha512-F2VBt7W/mwqEU4bL0RnHNZmC/OxzNx9cOYxHqnXX3MP6ruYvZUZAW9imgN9+h/uBT/oP8Gh888J2OZSbjSeWcg=="],

    "@inquirer/checkbox/@inquirer/type": ["@inquirer/type@2.0.0", "", { "dependencies": { "mute-stream": "^1.0.0" } }, "sha512-XvJRx+2KR3YXyYtPUUy+qd9i7p+GO9Ko6VIIpWlBrpWwXDv8WLFeHTxz35CfQFUiBMLXlGHhGzys7lqit9gWag=="],

    "@inquirer/confirm/@inquirer/core": ["@inquirer/core@9.2.1", "", { "dependencies": { "@inquirer/figures": "^1.0.6", "@inquirer/type": "^2.0.0", "@types/mute-stream": "^0.0.4", "@types/node": "^22.5.5", "@types/wrap-ansi": "^3.0.0", "ansi-escapes": "^4.3.2", "cli-width": "^4.1.0", "mute-stream": "^1.0.0", "signal-exit": "^4.1.0", "strip-ansi": "^6.0.1", "wrap-ansi": "^6.2.0", "yoctocolors-cjs": "^2.1.2" } }, "sha512-F2VBt7W/mwqEU4bL0RnHNZmC/OxzNx9cOYxHqnXX3MP6ruYvZUZAW9imgN9+h/uBT/oP8Gh888J2OZSbjSeWcg=="],

    "@inquirer/confirm/@inquirer/type": ["@inquirer/type@2.0.0", "", { "dependencies": { "mute-stream": "^1.0.0" } }, "sha512-XvJRx+2KR3YXyYtPUUy+qd9i7p+GO9Ko6VIIpWlBrpWwXDv8WLFeHTxz35CfQFUiBMLXlGHhGzys7lqit9gWag=="],

    "@inquirer/core/@inquirer/figures": ["@inquirer/figures@2.0.2", "", {}, "sha512-qXm6EVvQx/FmnSrCWCIGtMHwqeLgxABP8XgcaAoywsL0NFga9gD5kfG0gXiv80GjK9Hsoz4pgGwF/+CjygyV9A=="],

    "@inquirer/editor/@inquirer/core": ["@inquirer/core@9.2.1", "", { "dependencies": { "@inquirer/figures": "^1.0.6", "@inquirer/type": "^2.0.0", "@types/mute-stream": "^0.0.4", "@types/node": "^22.5.5", "@types/wrap-ansi": "^3.0.0", "ansi-escapes": "^4.3.2", "cli-width": "^4.1.0", "mute-stream": "^1.0.0", "signal-exit": "^4.1.0", "strip-ansi": "^6.0.1", "wrap-ansi": "^6.2.0", "yoctocolors-cjs": "^2.1.2" } }, "sha512-F2VBt7W/mwqEU4bL0RnHNZmC/OxzNx9cOYxHqnXX3MP6ruYvZUZAW9imgN9+h/uBT/oP8Gh888J2OZSbjSeWcg=="],

    "@inquirer/editor/@inquirer/type": ["@inquirer/type@2.0.0", "", { "dependencies": { "mute-stream": "^1.0.0" } }, "sha512-XvJRx+2KR3YXyYtPUUy+qd9i7p+GO9Ko6VIIpWlBrpWwXDv8WLFeHTxz35CfQFUiBMLXlGHhGzys7lqit9gWag=="],

    "@inquirer/expand/@inquirer/core": ["@inquirer/core@9.2.1", "", { "dependencies": { "@inquirer/figures": "^1.0.6", "@inquirer/type": "^2.0.0", "@types/mute-stream": "^0.0.4", "@types/node": "^22.5.5", "@types/wrap-ansi": "^3.0.0", "ansi-escapes": "^4.3.2", "cli-width": "^4.1.0", "mute-stream": "^1.0.0", "signal-exit": "^4.1.0", "strip-ansi": "^6.0.1", "wrap-ansi": "^6.2.0", "yoctocolors-cjs": "^2.1.2" } }, "sha512-F2VBt7W/mwqEU4bL0RnHNZmC/OxzNx9cOYxHqnXX3MP6ruYvZUZAW9imgN9+h/uBT/oP8Gh888J2OZSbjSeWcg=="],

    "@inquirer/expand/@inquirer/type": ["@inquirer/type@2.0.0", "", { "dependencies": { "mute-stream": "^1.0.0" } }, "sha512-XvJRx+2KR3YXyYtPUUy+qd9i7p+GO9Ko6VIIpWlBrpWwXDv8WLFeHTxz35CfQFUiBMLXlGHhGzys7lqit9gWag=="],

    "@inquirer/external-editor/chardet": ["chardet@2.1.1", "", {}, "sha512-PsezH1rqdV9VvyNhxxOW32/d75r01NY7TQCmOqomRo15ZSOKbpTFVsfjghxo6JloQUCGnH4k1LGu0R4yCLlWQQ=="],

    "@inquirer/external-editor/iconv-lite": ["iconv-lite@0.7.1", "", { "dependencies": { "safer-buffer": ">= 2.1.2 < 3.0.0" } }, "sha512-2Tth85cXwGFHfvRgZWszZSvdo+0Xsqmw8k8ZwxScfcBneNUraK+dxRxRm24nszx80Y0TVio8kKLt5sLE7ZCLlw=="],

    "@inquirer/input/@inquirer/core": ["@inquirer/core@9.2.1", "", { "dependencies": { "@inquirer/figures": "^1.0.6", "@inquirer/type": "^2.0.0", "@types/mute-stream": "^0.0.4", "@types/node": "^22.5.5", "@types/wrap-ansi": "^3.0.0", "ansi-escapes": "^4.3.2", "cli-width": "^4.1.0", "mute-stream": "^1.0.0", "signal-exit": "^4.1.0", "strip-ansi": "^6.0.1", "wrap-ansi": "^6.2.0", "yoctocolors-cjs": "^2.1.2" } }, "sha512-F2VBt7W/mwqEU4bL0RnHNZmC/OxzNx9cOYxHqnXX3MP6ruYvZUZAW9imgN9+h/uBT/oP8Gh888J2OZSbjSeWcg=="],

    "@inquirer/input/@inquirer/type": ["@inquirer/type@2.0.0", "", { "dependencies": { "mute-stream": "^1.0.0" } }, "sha512-XvJRx+2KR3YXyYtPUUy+qd9i7p+GO9Ko6VIIpWlBrpWwXDv8WLFeHTxz35CfQFUiBMLXlGHhGzys7lqit9gWag=="],

    "@inquirer/number/@inquirer/core": ["@inquirer/core@9.2.1", "", { "dependencies": { "@inquirer/figures": "^1.0.6", "@inquirer/type": "^2.0.0", "@types/mute-stream": "^0.0.4", "@types/node": "^22.5.5", "@types/wrap-ansi": "^3.0.0", "ansi-escapes": "^4.3.2", "cli-width": "^4.1.0", "mute-stream": "^1.0.0", "signal-exit": "^4.1.0", "strip-ansi": "^6.0.1", "wrap-ansi": "^6.2.0", "yoctocolors-cjs": "^2.1.2" } }, "sha512-F2VBt7W/mwqEU4bL0RnHNZmC/OxzNx9cOYxHqnXX3MP6ruYvZUZAW9imgN9+h/uBT/oP8Gh888J2OZSbjSeWcg=="],

    "@inquirer/number/@inquirer/type": ["@inquirer/type@2.0.0", "", { "dependencies": { "mute-stream": "^1.0.0" } }, "sha512-XvJRx+2KR3YXyYtPUUy+qd9i7p+GO9Ko6VIIpWlBrpWwXDv8WLFeHTxz35CfQFUiBMLXlGHhGzys7lqit9gWag=="],

    "@inquirer/password/@inquirer/core": ["@inquirer/core@9.2.1", "", { "dependencies": { "@inquirer/figures": "^1.0.6", "@inquirer/type": "^2.0.0", "@types/mute-stream": "^0.0.4", "@types/node": "^22.5.5", "@types/wrap-ansi": "^3.0.0", "ansi-escapes": "^4.3.2", "cli-width": "^4.1.0", "mute-stream": "^1.0.0", "signal-exit": "^4.1.0", "strip-ansi": "^6.0.1", "wrap-ansi": "^6.2.0", "yoctocolors-cjs": "^2.1.2" } }, "sha512-F2VBt7W/mwqEU4bL0RnHNZmC/OxzNx9cOYxHqnXX3MP6ruYvZUZAW9imgN9+h/uBT/oP8Gh888J2OZSbjSeWcg=="],

    "@inquirer/password/@inquirer/type": ["@inquirer/type@2.0.0", "", { "dependencies": { "mute-stream": "^1.0.0" } }, "sha512-XvJRx+2KR3YXyYtPUUy+qd9i7p+GO9Ko6VIIpWlBrpWwXDv8WLFeHTxz35CfQFUiBMLXlGHhGzys7lqit9gWag=="],

    "@inquirer/rawlist/@inquirer/core": ["@inquirer/core@9.2.1", "", { "dependencies": { "@inquirer/figures": "^1.0.6", "@inquirer/type": "^2.0.0", "@types/mute-stream": "^0.0.4", "@types/node": "^22.5.5", "@types/wrap-ansi": "^3.0.0", "ansi-escapes": "^4.3.2", "cli-width": "^4.1.0", "mute-stream": "^1.0.0", "signal-exit": "^4.1.0", "strip-ansi": "^6.0.1", "wrap-ansi": "^6.2.0", "yoctocolors-cjs": "^2.1.2" } }, "sha512-F2VBt7W/mwqEU4bL0RnHNZmC/OxzNx9cOYxHqnXX3MP6ruYvZUZAW9imgN9+h/uBT/oP8Gh888J2OZSbjSeWcg=="],

    "@inquirer/rawlist/@inquirer/type": ["@inquirer/type@2.0.0", "", { "dependencies": { "mute-stream": "^1.0.0" } }, "sha512-XvJRx+2KR3YXyYtPUUy+qd9i7p+GO9Ko6VIIpWlBrpWwXDv8WLFeHTxz35CfQFUiBMLXlGHhGzys7lqit9gWag=="],

    "@inquirer/search/@inquirer/core": ["@inquirer/core@9.2.1", "", { "dependencies": { "@inquirer/figures": "^1.0.6", "@inquirer/type": "^2.0.0", "@types/mute-stream": "^0.0.4", "@types/node": "^22.5.5", "@types/wrap-ansi": "^3.0.0", "ansi-escapes": "^4.3.2", "cli-width": "^4.1.0", "mute-stream": "^1.0.0", "signal-exit": "^4.1.0", "strip-ansi": "^6.0.1", "wrap-ansi": "^6.2.0", "yoctocolors-cjs": "^2.1.2" } }, "sha512-F2VBt7W/mwqEU4bL0RnHNZmC/OxzNx9cOYxHqnXX3MP6ruYvZUZAW9imgN9+h/uBT/oP8Gh888J2OZSbjSeWcg=="],

    "@inquirer/search/@inquirer/type": ["@inquirer/type@2.0.0", "", { "dependencies": { "mute-stream": "^1.0.0" } }, "sha512-XvJRx+2KR3YXyYtPUUy+qd9i7p+GO9Ko6VIIpWlBrpWwXDv8WLFeHTxz35CfQFUiBMLXlGHhGzys7lqit9gWag=="],

    "@inquirer/select/@inquirer/core": ["@inquirer/core@9.2.1", "", { "dependencies": { "@inquirer/figures": "^1.0.6", "@inquirer/type": "^2.0.0", "@types/mute-stream": "^0.0.4", "@types/node": "^22.5.5", "@types/wrap-ansi": "^3.0.0", "ansi-escapes": "^4.3.2", "cli-width": "^4.1.0", "mute-stream": "^1.0.0", "signal-exit": "^4.1.0", "strip-ansi": "^6.0.1", "wrap-ansi": "^6.2.0", "yoctocolors-cjs": "^2.1.2" } }, "sha512-F2VBt7W/mwqEU4bL0RnHNZmC/OxzNx9cOYxHqnXX3MP6ruYvZUZAW9imgN9+h/uBT/oP8Gh888J2OZSbjSeWcg=="],

    "@inquirer/select/@inquirer/type": ["@inquirer/type@2.0.0", "", { "dependencies": { "mute-stream": "^1.0.0" } }, "sha512-XvJRx+2KR3YXyYtPUUy+qd9i7p+GO9Ko6VIIpWlBrpWwXDv8WLFeHTxz35CfQFUiBMLXlGHhGzys7lqit9gWag=="],

    "@types/mute-stream/@types/node": ["@types/node@22.19.3", "", { "dependencies": { "undici-types": "~6.21.0" } }, "sha512-1N9SBnWYOJTrNZCdh/yJE+t910Y128BoyY+zBLWhL3r0TYzlTmFdXrPwHL9DyFZmlEXNQQolTZh3KHV31QDhyA=="],

    "inquirer/@inquirer/prompts": ["@inquirer/prompts@8.1.0", "", { "dependencies": { "@inquirer/checkbox": "^5.0.3", "@inquirer/confirm": "^6.0.3", "@inquirer/editor": "^5.0.3", "@inquirer/expand": "^5.0.3", "@inquirer/input": "^5.0.3", "@inquirer/number": "^4.0.3", "@inquirer/password": "^5.0.3", "@inquirer/rawlist": "^5.1.0", "@inquirer/search": "^4.0.3", "@inquirer/select": "^5.0.3" }, "peerDependencies": { "@types/node": ">=18" }, "optionalPeers": ["@types/node"] }, "sha512-LsZMdKcmRNF5LyTRuZE5nWeOjganzmN3zwbtNfcs6GPh3I2TsTtF1UYZlbxVfhxd+EuUqLGs/Lm3Xt4v6Az1wA=="],

    "string-width/strip-ansi": ["strip-ansi@7.1.2", "", { "dependencies": { "ansi-regex": "^6.0.1" } }, "sha512-gmBGslpoQJtgnMAvOVqGZpEz9dyoKTCzy2nfz/n8aIFhN/jCE/rCmcxabB6jOOHV+0WNnylOxaxBQPSvcWklhA=="],

    "wrap-ansi/strip-ansi": ["strip-ansi@7.1.2", "", { "dependencies": { "ansi-regex": "^6.0.1" } }, "sha512-gmBGslpoQJtgnMAvOVqGZpEz9dyoKTCzy2nfz/n8aIFhN/jCE/rCmcxabB6jOOHV+0WNnylOxaxBQPSvcWklhA=="],

    "@inquirer/checkbox/@inquirer/core/@types/node": ["@types/node@22.19.3", "", { "dependencies": { "undici-types": "~6.21.0" } }, "sha512-1N9SBnWYOJTrNZCdh/yJE+t910Y128BoyY+zBLWhL3r0TYzlTmFdXrPwHL9DyFZmlEXNQQolTZh3KHV31QDhyA=="],

    "@inquirer/checkbox/@inquirer/core/mute-stream": ["mute-stream@1.0.0", "", {}, "sha512-avsJQhyd+680gKXyG/sQc0nXaC6rBkPOfyHYcFb9+hdkqQkR9bdnkJ0AMZhke0oesPqIO+mFFJ+IdBc7mst4IA=="],

    "@inquirer/checkbox/@inquirer/core/wrap-ansi": ["wrap-ansi@6.2.0", "", { "dependencies": { "ansi-styles": "^4.0.0", "string-width": "^4.1.0", "strip-ansi": "^6.0.0" } }, "sha512-r6lPcBGxZXlIcymEu7InxDMhdW0KDxpLgoFLcguasxCaJ/SOIZwINatK9KY/tf+ZrlywOKU0UDj3ATXUBfxJXA=="],

    "@inquirer/checkbox/@inquirer/type/mute-stream": ["mute-stream@1.0.0", "", {}, "sha512-avsJQhyd+680gKXyG/sQc0nXaC6rBkPOfyHYcFb9+hdkqQkR9bdnkJ0AMZhke0oesPqIO+mFFJ+IdBc7mst4IA=="],

    "@inquirer/confirm/@inquirer/core/@types/node": ["@types/node@22.19.3", "", { "dependencies": { "undici-types": "~6.21.0" } }, "sha512-1N9SBnWYOJTrNZCdh/yJE+t910Y128BoyY+zBLWhL3r0TYzlTmFdXrPwHL9DyFZmlEXNQQolTZh3KHV31QDhyA=="],

    "@inquirer/confirm/@inquirer/core/mute-stream": ["mute-stream@1.0.0", "", {}, "sha512-avsJQhyd+680gKXyG/sQc0nXaC6rBkPOfyHYcFb9+hdkqQkR9bdnkJ0AMZhke0oesPqIO+mFFJ+IdBc7mst4IA=="],

    "@inquirer/confirm/@inquirer/core/wrap-ansi": ["wrap-ansi@6.2.0", "", { "dependencies": { "ansi-styles": "^4.0.0", "string-width": "^4.1.0", "strip-ansi": "^6.0.0" } }, "sha512-r6lPcBGxZXlIcymEu7InxDMhdW0KDxpLgoFLcguasxCaJ/SOIZwINatK9KY/tf+ZrlywOKU0UDj3ATXUBfxJXA=="],

    "@inquirer/confirm/@inquirer/type/mute-stream": ["mute-stream@1.0.0", "", {}, "sha512-avsJQhyd+680gKXyG/sQc0nXaC6rBkPOfyHYcFb9+hdkqQkR9bdnkJ0AMZhke0oesPqIO+mFFJ+IdBc7mst4IA=="],

    "@inquirer/editor/@inquirer/core/@types/node": ["@types/node@22.19.3", "", { "dependencies": { "undici-types": "~6.21.0" } }, "sha512-1N9SBnWYOJTrNZCdh/yJE+t910Y128BoyY+zBLWhL3r0TYzlTmFdXrPwHL9DyFZmlEXNQQolTZh3KHV31QDhyA=="],

    "@inquirer/editor/@inquirer/core/mute-stream": ["mute-stream@1.0.0", "", {}, "sha512-avsJQhyd+680gKXyG/sQc0nXaC6rBkPOfyHYcFb9+hdkqQkR9bdnkJ0AMZhke0oesPqIO+mFFJ+IdBc7mst4IA=="],

    "@inquirer/editor/@inquirer/core/wrap-ansi": ["wrap-ansi@6.2.0", "", { "dependencies": { "ansi-styles": "^4.0.0", "string-width": "^4.1.0", "strip-ansi": "^6.0.0" } }, "sha512-r6lPcBGxZXlIcymEu7InxDMhdW0KDxpLgoFLcguasxCaJ/SOIZwINatK9KY/tf+ZrlywOKU0UDj3ATXUBfxJXA=="],

    "@inquirer/editor/@inquirer/type/mute-stream": ["mute-stream@1.0.0", "", {}, "sha512-avsJQhyd+680gKXyG/sQc0nXaC6rBkPOfyHYcFb9+hdkqQkR9bdnkJ0AMZhke0oesPqIO+mFFJ+IdBc7mst4IA=="],

    "@inquirer/expand/@inquirer/core/@types/node": ["@types/node@22.19.3", "", { "dependencies": { "undici-types": "~6.21.0" } }, "sha512-1N9SBnWYOJTrNZCdh/yJE+t910Y128BoyY+zBLWhL3r0TYzlTmFdXrPwHL9DyFZmlEXNQQolTZh3KHV31QDhyA=="],

    "@inquirer/expand/@inquirer/core/mute-stream": ["mute-stream@1.0.0", "", {}, "sha512-avsJQhyd+680gKXyG/sQc0nXaC6rBkPOfyHYcFb9+hdkqQkR9bdnkJ0AMZhke0oesPqIO+mFFJ+IdBc7mst4IA=="],

    "@inquirer/expand/@inquirer/core/wrap-ansi": ["wrap-ansi@6.2.0", "", { "dependencies": { "ansi-styles": "^4.0.0", "string-width": "^4.1.0", "strip-ansi": "^6.0.0" } }, "sha512-r6lPcBGxZXlIcymEu7InxDMhdW0KDxpLgoFLcguasxCaJ/SOIZwINatK9KY/tf+ZrlywOKU0UDj3ATXUBfxJXA=="],

    "@inquirer/expand/@inquirer/type/mute-stream": ["mute-stream@1.0.0", "", {}, "sha512-avsJQhyd+680gKXyG/sQc0nXaC6rBkPOfyHYcFb9+hdkqQkR9bdnkJ0AMZhke0oesPqIO+mFFJ+IdBc7mst4IA=="],

    "@inquirer/input/@inquirer/core/@types/node": ["@types/node@22.19.3", "", { "dependencies": { "undici-types": "~6.21.0" } }, "sha512-1N9SBnWYOJTrNZCdh/yJE+t910Y128BoyY+zBLWhL3r0TYzlTmFdXrPwHL9DyFZmlEXNQQolTZh3KHV31QDhyA=="],

    "@inquirer/input/@inquirer/core/mute-stream": ["mute-stream@1.0.0", "", {}, "sha512-avsJQhyd+680gKXyG/sQc0nXaC6rBkPOfyHYcFb9+hdkqQkR9bdnkJ0AMZhke0oesPqIO+mFFJ+IdBc7mst4IA=="],

    "@inquirer/input/@inquirer/core/wrap-ansi": ["wrap-ansi@6.2.0", "", { "dependencies": { "ansi-styles": "^4.0.0", "string-width": "^4.1.0", "strip-ansi": "^6.0.0" } }, "sha512-r6lPcBGxZXlIcymEu7InxDMhdW0KDxpLgoFLcguasxCaJ/SOIZwINatK9KY/tf+ZrlywOKU0UDj3ATXUBfxJXA=="],

    "@inquirer/input/@inquirer/type/mute-stream": ["mute-stream@1.0.0", "", {}, "sha512-avsJQhyd+680gKXyG/sQc0nXaC6rBkPOfyHYcFb9+hdkqQkR9bdnkJ0AMZhke0oesPqIO+mFFJ+IdBc7mst4IA=="],

    "@inquirer/number/@inquirer/core/@types/node": ["@types/node@22.19.3", "", { "dependencies": { "undici-types": "~6.21.0" } }, "sha512-1N9SBnWYOJTrNZCdh/yJE+t910Y128BoyY+zBLWhL3r0TYzlTmFdXrPwHL9DyFZmlEXNQQolTZh3KHV31QDhyA=="],

    "@inquirer/number/@inquirer/core/mute-stream": ["mute-stream@1.0.0", "", {}, "sha512-avsJQhyd+680gKXyG/sQc0nXaC6rBkPOfyHYcFb9+hdkqQkR9bdnkJ0AMZhke0oesPqIO+mFFJ+IdBc7mst4IA=="],

    "@inquirer/number/@inquirer/core/wrap-ansi": ["wrap-ansi@6.2.0", "", { "dependencies": { "ansi-styles": "^4.0.0", "string-width": "^4.1.0", "strip-ansi": "^6.0.0" } }, "sha512-r6lPcBGxZXlIcymEu7InxDMhdW0KDxpLgoFLcguasxCaJ/SOIZwINatK9KY/tf+ZrlywOKU0UDj3ATXUBfxJXA=="],

    "@inquirer/number/@inquirer/type/mute-stream": ["mute-stream@1.0.0", "", {}, "sha512-avsJQhyd+680gKXyG/sQc0nXaC6rBkPOfyHYcFb9+hdkqQkR9bdnkJ0AMZhke0oesPqIO+mFFJ+IdBc7mst4IA=="],

    "@inquirer/password/@inquirer/core/@types/node": ["@types/node@22.19.3", "", { "dependencies": { "undici-types": "~6.21.0" } }, "sha512-1N9SBnWYOJTrNZCdh/yJE+t910Y128BoyY+zBLWhL3r0TYzlTmFdXrPwHL9DyFZmlEXNQQolTZh3KHV31QDhyA=="],

    "@inquirer/password/@inquirer/core/mute-stream": ["mute-stream@1.0.0", "", {}, "sha512-avsJQhyd+680gKXyG/sQc0nXaC6rBkPOfyHYcFb9+hdkqQkR9bdnkJ0AMZhke0oesPqIO+mFFJ+IdBc7mst4IA=="],

    "@inquirer/password/@inquirer/core/wrap-ansi": ["wrap-ansi@6.2.0", "", { "dependencies": { "ansi-styles": "^4.0.0", "string-width": "^4.1.0", "strip-ansi": "^6.0.0" } }, "sha512-r6lPcBGxZXlIcymEu7InxDMhdW0KDxpLgoFLcguasxCaJ/SOIZwINatK9KY/tf+ZrlywOKU0UDj3ATXUBfxJXA=="],

    "@inquirer/password/@inquirer/type/mute-stream": ["mute-stream@1.0.0", "", {}, "sha512-avsJQhyd+680gKXyG/sQc0nXaC6rBkPOfyHYcFb9+hdkqQkR9bdnkJ0AMZhke0oesPqIO+mFFJ+IdBc7mst4IA=="],

    "@inquirer/rawlist/@inquirer/core/@types/node": ["@types/node@22.19.3", "", { "dependencies": { "undici-types": "~6.21.0" } }, "sha512-1N9SBnWYOJTrNZCdh/yJE+t910Y128BoyY+zBLWhL3r0TYzlTmFdXrPwHL9DyFZmlEXNQQolTZh3KHV31QDhyA=="],

    "@inquirer/rawlist/@inquirer/core/mute-stream": ["mute-stream@1.0.0", "", {}, "sha512-avsJQhyd+680gKXyG/sQc0nXaC6rBkPOfyHYcFb9+hdkqQkR9bdnkJ0AMZhke0oesPqIO+mFFJ+IdBc7mst4IA=="],

    "@inquirer/rawlist/@inquirer/core/wrap-ansi": ["wrap-ansi@6.2.0", "", { "dependencies": { "ansi-styles": "^4.0.0", "string-width": "^4.1.0", "strip-ansi": "^6.0.0" } }, "sha512-r6lPcBGxZXlIcymEu7InxDMhdW0KDxpLgoFLcguasxCaJ/SOIZwINatK9KY/tf+ZrlywOKU0UDj3ATXUBfxJXA=="],

    "@inquirer/rawlist/@inquirer/type/mute-stream": ["mute-stream@1.0.0", "", {}, "sha512-avsJQhyd+680gKXyG/sQc0nXaC6rBkPOfyHYcFb9+hdkqQkR9bdnkJ0AMZhke0oesPqIO+mFFJ+IdBc7mst4IA=="],

    "@inquirer/search/@inquirer/core/@types/node": ["@types/node@22.19.3", "", { "dependencies": { "undici-types": "~6.21.0" } }, "sha512-1N9SBnWYOJTrNZCdh/yJE+t910Y128BoyY+zBLWhL3r0TYzlTmFdXrPwHL9DyFZmlEXNQQolTZh3KHV31QDhyA=="],

    "@inquirer/search/@inquirer/core/mute-stream": ["mute-stream@1.0.0", "", {}, "sha512-avsJQhyd+680gKXyG/sQc0nXaC6rBkPOfyHYcFb9+hdkqQkR9bdnkJ0AMZhke0oesPqIO+mFFJ+IdBc7mst4IA=="],

    "@inquirer/search/@inquirer/core/wrap-ansi": ["wrap-ansi@6.2.0", "", { "dependencies": { "ansi-styles": "^4.0.0", "string-width": "^4.1.0", "strip-ansi": "^6.0.0" } }, "sha512-r6lPcBGxZXlIcymEu7InxDMhdW0KDxpLgoFLcguasxCaJ/SOIZwINatK9KY/tf+ZrlywOKU0UDj3ATXUBfxJXA=="],

    "@inquirer/search/@inquirer/type/mute-stream": ["mute-stream@1.0.0", "", {}, "sha512-avsJQhyd+680gKXyG/sQc0nXaC6rBkPOfyHYcFb9+hdkqQkR9bdnkJ0AMZhke0oesPqIO+mFFJ+IdBc7mst4IA=="],

    "@inquirer/select/@inquirer/core/@types/node": ["@types/node@22.19.3", "", { "dependencies": { "undici-types": "~6.21.0" } }, "sha512-1N9SBnWYOJTrNZCdh/yJE+t910Y128BoyY+zBLWhL3r0TYzlTmFdXrPwHL9DyFZmlEXNQQolTZh3KHV31QDhyA=="],

    "@inquirer/select/@inquirer/core/mute-stream": ["mute-stream@1.0.0", "", {}, "sha512-avsJQhyd+680gKXyG/sQc0nXaC6rBkPOfyHYcFb9+hdkqQkR9bdnkJ0AMZhke0oesPqIO+mFFJ+IdBc7mst4IA=="],

    "@inquirer/select/@inquirer/core/wrap-ansi": ["wrap-ansi@6.2.0", "", { "dependencies": { "ansi-styles": "^4.0.0", "string-width": "^4.1.0", "strip-ansi": "^6.0.0" } }, "sha512-r6lPcBGxZXlIcymEu7InxDMhdW0KDxpLgoFLcguasxCaJ/SOIZwINatK9KY/tf+ZrlywOKU0UDj3ATXUBfxJXA=="],

    "@inquirer/select/@inquirer/type/mute-stream": ["mute-stream@1.0.0", "", {}, "sha512-avsJQhyd+680gKXyG/sQc0nXaC6rBkPOfyHYcFb9+hdkqQkR9bdnkJ0AMZhke0oesPqIO+mFFJ+IdBc7mst4IA=="],

    "inquirer/@inquirer/prompts/@inquirer/checkbox": ["@inquirer/checkbox@5.0.3", "", { "dependencies": { "@inquirer/ansi": "^2.0.2", "@inquirer/core": "^11.1.0", "@inquirer/figures": "^2.0.2", "@inquirer/type": "^4.0.2" }, "peerDependencies": { "@types/node": ">=18" }, "optionalPeers": ["@types/node"] }, "sha512-xtQP2eXMFlOcAhZ4ReKP2KZvDIBb1AnCfZ81wWXG3DXLVH0f0g4obE0XDPH+ukAEMRcZT0kdX2AS1jrWGXbpxw=="],

    "inquirer/@inquirer/prompts/@inquirer/confirm": ["@inquirer/confirm@6.0.3", "", { "dependencies": { "@inquirer/core": "^11.1.0", "@inquirer/type": "^4.0.2" }, "peerDependencies": { "@types/node": ">=18" }, "optionalPeers": ["@types/node"] }, "sha512-lyEvibDFL+NA5R4xl8FUmNhmu81B+LDL9L/MpKkZlQDJZXzG8InxiqYxiAlQYa9cqLLhYqKLQwZqXmSTqCLjyw=="],

    "inquirer/@inquirer/prompts/@inquirer/editor": ["@inquirer/editor@5.0.3", "", { "dependencies": { "@inquirer/core": "^11.1.0", "@inquirer/external-editor": "^2.0.2", "@inquirer/type": "^4.0.2" }, "peerDependencies": { "@types/node": ">=18" }, "optionalPeers": ["@types/node"] }, "sha512-wYyQo96TsAqIciP/r5D3cFeV8h4WqKQ/YOvTg5yOfP2sqEbVVpbxPpfV3LM5D0EP4zUI3EZVHyIUIllnoIa8OQ=="],

    "inquirer/@inquirer/prompts/@inquirer/expand": ["@inquirer/expand@5.0.3", "", { "dependencies": { "@inquirer/core": "^11.1.0", "@inquirer/type": "^4.0.2" }, "peerDependencies": { "@types/node": ">=18" }, "optionalPeers": ["@types/node"] }, "sha512-2oINvuL27ujjxd95f6K2K909uZOU2x1WiAl7Wb1X/xOtL8CgQ1kSxzykIr7u4xTkXkXOAkCuF45T588/YKee7w=="],

    "inquirer/@inquirer/prompts/@inquirer/input": ["@inquirer/input@5.0.3", "", { "dependencies": { "@inquirer/core": "^11.1.0", "@inquirer/type": "^4.0.2" }, "peerDependencies": { "@types/node": ">=18" }, "optionalPeers": ["@types/node"] }, "sha512-4R0TdWl53dtp79Vs6Df2OHAtA2FVNqya1hND1f5wjHWxZJxwDMSNB1X5ADZJSsQKYAJ5JHCTO+GpJZ42mK0Otw=="],

    "inquirer/@inquirer/prompts/@inquirer/number": ["@inquirer/number@4.0.3", "", { "dependencies": { "@inquirer/core": "^11.1.0", "@inquirer/type": "^4.0.2" }, "peerDependencies": { "@types/node": ">=18" }, "optionalPeers": ["@types/node"] }, "sha512-TjQLe93GGo5snRlu83JxE38ZPqj5ZVggL+QqqAF2oBA5JOJoxx25GG3EGH/XN/Os5WOmKfO8iLVdCXQxXRZIMQ=="],

    "inquirer/@inquirer/prompts/@inquirer/password": ["@inquirer/password@5.0.3", "", { "dependencies": { "@inquirer/ansi": "^2.0.2", "@inquirer/core": "^11.1.0", "@inquirer/type": "^4.0.2" }, "peerDependencies": { "@types/node": ">=18" }, "optionalPeers": ["@types/node"] }, "sha512-rCozGbUMAHedTeYWEN8sgZH4lRCdgG/WinFkit6ZPsp8JaNg2T0g3QslPBS5XbpORyKP/I+xyBO81kFEvhBmjA=="],

    "inquirer/@inquirer/prompts/@inquirer/rawlist": ["@inquirer/rawlist@5.1.0", "", { "dependencies": { "@inquirer/core": "^11.1.0", "@inquirer/type": "^4.0.2" }, "peerDependencies": { "@types/node": ">=18" }, "optionalPeers": ["@types/node"] }, "sha512-yUCuVh0jW026Gr2tZlG3kHignxcrLKDR3KBp+eUgNz+BAdSeZk0e18yt2gyBr+giYhj/WSIHCmPDOgp1mT2niQ=="],

    "inquirer/@inquirer/prompts/@inquirer/search": ["@inquirer/search@4.0.3", "", { "dependencies": { "@inquirer/core": "^11.1.0", "@inquirer/figures": "^2.0.2", "@inquirer/type": "^4.0.2" }, "peerDependencies": { "@types/node": ">=18" }, "optionalPeers": ["@types/node"] }, "sha512-lzqVw0YwuKYetk5VwJ81Ba+dyVlhseHPx9YnRKQgwXdFS0kEavCz2gngnNhnMIxg8+j1N/rUl1t5s1npwa7bqg=="],

    "inquirer/@inquirer/prompts/@inquirer/select": ["@inquirer/select@5.0.3", "", { "dependencies": { "@inquirer/ansi": "^2.0.2", "@inquirer/core": "^11.1.0", "@inquirer/figures": "^2.0.2", "@inquirer/type": "^4.0.2" }, "peerDependencies": { "@types/node": ">=18" }, "optionalPeers": ["@types/node"] }, "sha512-M+ynbwS0ecQFDYMFrQrybA0qL8DV0snpc4kKevCCNaTpfghsRowRY7SlQBeIYNzHqXtiiz4RG9vTOeb/udew7w=="],

    "string-width/strip-ansi/ansi-regex": ["ansi-regex@6.2.2", "", {}, "sha512-Bq3SmSpyFHaWjPk8If9yc6svM8c56dB5BAtW4Qbw5jHTwwXXcTLoRMkpDJp6VL0XzlWaCHTXrkFURMYmD0sLqg=="],

    "wrap-ansi/strip-ansi/ansi-regex": ["ansi-regex@6.2.2", "", {}, "sha512-Bq3SmSpyFHaWjPk8If9yc6svM8c56dB5BAtW4Qbw5jHTwwXXcTLoRMkpDJp6VL0XzlWaCHTXrkFURMYmD0sLqg=="],

    "@inquirer/checkbox/@inquirer/core/wrap-ansi/ansi-styles": ["ansi-styles@4.3.0", "", { "dependencies": { "color-convert": "^2.0.1" } }, "sha512-zbB9rCJAT1rbjiVDb2hqKFHNYLxgtk8NURxZ3IZwD3F6NtxbXZQCnnSi1Lkx+IDohdPlFp222wVALIheZJQSEg=="],

    "@inquirer/checkbox/@inquirer/core/wrap-ansi/string-width": ["string-width@4.2.3", "", { "dependencies": { "emoji-regex": "^8.0.0", "is-fullwidth-code-point": "^3.0.0", "strip-ansi": "^6.0.1" } }, "sha512-wKyQRQpjJ0sIp62ErSZdGsjMJWsap5oRNihHhu6G7JVO/9jIB6UyevL+tXuOqrng8j/cxKTWyWUwvSTriiZz/g=="],

    "@inquirer/confirm/@inquirer/core/wrap-ansi/ansi-styles": ["ansi-styles@4.3.0", "", { "dependencies": { "color-convert": "^2.0.1" } }, "sha512-zbB9rCJAT1rbjiVDb2hqKFHNYLxgtk8NURxZ3IZwD3F6NtxbXZQCnnSi1Lkx+IDohdPlFp222wVALIheZJQSEg=="],

    "@inquirer/confirm/@inquirer/core/wrap-ansi/string-width": ["string-width@4.2.3", "", { "dependencies": { "emoji-regex": "^8.0.0", "is-fullwidth-code-point": "^3.0.0", "strip-ansi": "^6.0.1" } }, "sha512-wKyQRQpjJ0sIp62ErSZdGsjMJWsap5oRNihHhu6G7JVO/9jIB6UyevL+tXuOqrng8j/cxKTWyWUwvSTriiZz/g=="],

    "@inquirer/editor/@inquirer/core/wrap-ansi/ansi-styles": ["ansi-styles@4.3.0", "", { "dependencies": { "color-convert": "^2.0.1" } }, "sha512-zbB9rCJAT1rbjiVDb2hqKFHNYLxgtk8NURxZ3IZwD3F6NtxbXZQCnnSi1Lkx+IDohdPlFp222wVALIheZJQSEg=="],

    "@inquirer/editor/@inquirer/core/wrap-ansi/string-width": ["string-width@4.2.3", "", { "dependencies": { "emoji-regex": "^8.0.0", "is-fullwidth-code-point": "^3.0.0", "strip-ansi": "^6.0.1" } }, "sha512-wKyQRQpjJ0sIp62ErSZdGsjMJWsap5oRNihHhu6G7JVO/9jIB6UyevL+tXuOqrng8j/cxKTWyWUwvSTriiZz/g=="],

    "@inquirer/expand/@inquirer/core/wrap-ansi/ansi-styles": ["ansi-styles@4.3.0", "", { "dependencies": { "color-convert": "^2.0.1" } }, "sha512-zbB9rCJAT1rbjiVDb2hqKFHNYLxgtk8NURxZ3IZwD3F6NtxbXZQCnnSi1Lkx+IDohdPlFp222wVALIheZJQSEg=="],

    "@inquirer/expand/@inquirer/core/wrap-ansi/string-width": ["string-width@4.2.3", "", { "dependencies": { "emoji-regex": "^8.0.0", "is-fullwidth-code-point": "^3.0.0", "strip-ansi": "^6.0.1" } }, "sha512-wKyQRQpjJ0sIp62ErSZdGsjMJWsap5oRNihHhu6G7JVO/9jIB6UyevL+tXuOqrng8j/cxKTWyWUwvSTriiZz/g=="],

    "@inquirer/input/@inquirer/core/wrap-ansi/ansi-styles": ["ansi-styles@4.3.0", "", { "dependencies": { "color-convert": "^2.0.1" } }, "sha512-zbB9rCJAT1rbjiVDb2hqKFHNYLxgtk8NURxZ3IZwD3F6NtxbXZQCnnSi1Lkx+IDohdPlFp222wVALIheZJQSEg=="],

    "@inquirer/input/@inquirer/core/wrap-ansi/string-width": ["string-width@4.2.3", "", { "dependencies": { "emoji-regex": "^8.0.0", "is-fullwidth-code-point": "^3.0.0", "strip-ansi": "^6.0.1" } }, "sha512-wKyQRQpjJ0sIp62ErSZdGsjMJWsap5oRNihHhu6G7JVO/9jIB6UyevL+tXuOqrng8j/cxKTWyWUwvSTriiZz/g=="],

    "@inquirer/number/@inquirer/core/wrap-ansi/ansi-styles": ["ansi-styles@4.3.0", "", { "dependencies": { "color-convert": "^2.0.1" } }, "sha512-zbB9rCJAT1rbjiVDb2hqKFHNYLxgtk8NURxZ3IZwD3F6NtxbXZQCnnSi1Lkx+IDohdPlFp222wVALIheZJQSEg=="],

    "@inquirer/number/@inquirer/core/wrap-ansi/string-width": ["string-width@4.2.3", "", { "dependencies": { "emoji-regex": "^8.0.0", "is-fullwidth-code-point": "^3.0.0", "strip-ansi": "^6.0.1" } }, "sha512-wKyQRQpjJ0sIp62ErSZdGsjMJWsap5oRNihHhu6G7JVO/9jIB6UyevL+tXuOqrng8j/cxKTWyWUwvSTriiZz/g=="],

    "@inquirer/password/@inquirer/core/wrap-ansi/ansi-styles": ["ansi-styles@4.3.0", "", { "dependencies": { "color-convert": "^2.0.1" } }, "sha512-zbB9rCJAT1rbjiVDb2hqKFHNYLxgtk8NURxZ3IZwD3F6NtxbXZQCnnSi1Lkx+IDohdPlFp222wVALIheZJQSEg=="],

    "@inquirer/password/@inquirer/core/wrap-ansi/string-width": ["string-width@4.2.3", "", { "dependencies": { "emoji-regex": "^8.0.0", "is-fullwidth-code-point": "^3.0.0", "strip-ansi": "^6.0.1" } }, "sha512-wKyQRQpjJ0sIp62ErSZdGsjMJWsap5oRNihHhu6G7JVO/9jIB6UyevL+tXuOqrng8j/cxKTWyWUwvSTriiZz/g=="],

    "@inquirer/rawlist/@inquirer/core/wrap-ansi/ansi-styles": ["ansi-styles@4.3.0", "", { "dependencies": { "color-convert": "^2.0.1" } }, "sha512-zbB9rCJAT1rbjiVDb2hqKFHNYLxgtk8NURxZ3IZwD3F6NtxbXZQCnnSi1Lkx+IDohdPlFp222wVALIheZJQSEg=="],

    "@inquirer/rawlist/@inquirer/core/wrap-ansi/string-width": ["string-width@4.2.3", "", { "dependencies": { "emoji-regex": "^8.0.0", "is-fullwidth-code-point": "^3.0.0", "strip-ansi": "^6.0.1" } }, "sha512-wKyQRQpjJ0sIp62ErSZdGsjMJWsap5oRNihHhu6G7JVO/9jIB6UyevL+tXuOqrng8j/cxKTWyWUwvSTriiZz/g=="],

    "@inquirer/search/@inquirer/core/wrap-ansi/ansi-styles": ["ansi-styles@4.3.0", "", { "dependencies": { "color-convert": "^2.0.1" } }, "sha512-zbB9rCJAT1rbjiVDb2hqKFHNYLxgtk8NURxZ3IZwD3F6NtxbXZQCnnSi1Lkx+IDohdPlFp222wVALIheZJQSEg=="],

    "@inquirer/search/@inquirer/core/wrap-ansi/string-width": ["string-width@4.2.3", "", { "dependencies": { "emoji-regex": "^8.0.0", "is-fullwidth-code-point": "^3.0.0", "strip-ansi": "^6.0.1" } }, "sha512-wKyQRQpjJ0sIp62ErSZdGsjMJWsap5oRNihHhu6G7JVO/9jIB6UyevL+tXuOqrng8j/cxKTWyWUwvSTriiZz/g=="],

    "@inquirer/select/@inquirer/core/wrap-ansi/ansi-styles": ["ansi-styles@4.3.0", "", { "dependencies": { "color-convert": "^2.0.1" } }, "sha512-zbB9rCJAT1rbjiVDb2hqKFHNYLxgtk8NURxZ3IZwD3F6NtxbXZQCnnSi1Lkx+IDohdPlFp222wVALIheZJQSEg=="],

    "@inquirer/select/@inquirer/core/wrap-ansi/string-width": ["string-width@4.2.3", "", { "dependencies": { "emoji-regex": "^8.0.0", "is-fullwidth-code-point": "^3.0.0", "strip-ansi": "^6.0.1" } }, "sha512-wKyQRQpjJ0sIp62ErSZdGsjMJWsap5oRNihHhu6G7JVO/9jIB6UyevL+tXuOqrng8j/cxKTWyWUwvSTriiZz/g=="],

    "inquirer/@inquirer/prompts/@inquirer/checkbox/@inquirer/figures": ["@inquirer/figures@2.0.2", "", {}, "sha512-qXm6EVvQx/FmnSrCWCIGtMHwqeLgxABP8XgcaAoywsL0NFga9gD5kfG0gXiv80GjK9Hsoz4pgGwF/+CjygyV9A=="],

    "inquirer/@inquirer/prompts/@inquirer/search/@inquirer/figures": ["@inquirer/figures@2.0.2", "", {}, "sha512-qXm6EVvQx/FmnSrCWCIGtMHwqeLgxABP8XgcaAoywsL0NFga9gD5kfG0gXiv80GjK9Hsoz4pgGwF/+CjygyV9A=="],

    "inquirer/@inquirer/prompts/@inquirer/select/@inquirer/figures": ["@inquirer/figures@2.0.2", "", {}, "sha512-qXm6EVvQx/FmnSrCWCIGtMHwqeLgxABP8XgcaAoywsL0NFga9gD5kfG0gXiv80GjK9Hsoz4pgGwF/+CjygyV9A=="],

    "@inquirer/checkbox/@inquirer/core/wrap-ansi/string-width/emoji-regex": ["emoji-regex@8.0.0", "", {}, "sha512-MSjYzcWNOA0ewAHpz0MxpYFvwg6yjy1NG3xteoqz644VCo/RPgnr1/GGt+ic3iJTzQ8Eu3TdM14SawnVUmGE6A=="],

    "@inquirer/confirm/@inquirer/core/wrap-ansi/string-width/emoji-regex": ["emoji-regex@8.0.0", "", {}, "sha512-MSjYzcWNOA0ewAHpz0MxpYFvwg6yjy1NG3xteoqz644VCo/RPgnr1/GGt+ic3iJTzQ8Eu3TdM14SawnVUmGE6A=="],

    "@inquirer/editor/@inquirer/core/wrap-ansi/string-width/emoji-regex": ["emoji-regex@8.0.0", "", {}, "sha512-MSjYzcWNOA0ewAHpz0MxpYFvwg6yjy1NG3xteoqz644VCo/RPgnr1/GGt+ic3iJTzQ8Eu3TdM14SawnVUmGE6A=="],

    "@inquirer/expand/@inquirer/core/wrap-ansi/string-width/emoji-regex": ["emoji-regex@8.0.0", "", {}, "sha512-MSjYzcWNOA0ewAHpz0MxpYFvwg6yjy1NG3xteoqz644VCo/RPgnr1/GGt+ic3iJTzQ8Eu3TdM14SawnVUmGE6A=="],

    "@inquirer/input/@inquirer/core/wrap-ansi/string-width/emoji-regex": ["emoji-regex@8.0.0", "", {}, "sha512-MSjYzcWNOA0ewAHpz0MxpYFvwg6yjy1NG3xteoqz644VCo/RPgnr1/GGt+ic3iJTzQ8Eu3TdM14SawnVUmGE6A=="],

    "@inquirer/number/@inquirer/core/wrap-ansi/string-width/emoji-regex": ["emoji-regex@8.0.0", "", {}, "sha512-MSjYzcWNOA0ewAHpz0MxpYFvwg6yjy1NG3xteoqz644VCo/RPgnr1/GGt+ic3iJTzQ8Eu3TdM14SawnVUmGE6A=="],

    "@inquirer/password/@inquirer/core/wrap-ansi/string-width/emoji-regex": ["emoji-regex@8.0.0", "", {}, "sha512-MSjYzcWNOA0ewAHpz0MxpYFvwg6yjy1NG3xteoqz644VCo/RPgnr1/GGt+ic3iJTzQ8Eu3TdM14SawnVUmGE6A=="],

    "@inquirer/rawlist/@inquirer/core/wrap-ansi/string-width/emoji-regex": ["emoji-regex@8.0.0", "", {}, "sha512-MSjYzcWNOA0ewAHpz0MxpYFvwg6yjy1NG3xteoqz644VCo/RPgnr1/GGt+ic3iJTzQ8Eu3TdM14SawnVUmGE6A=="],

    "@inquirer/search/@inquirer/core/wrap-ansi/string-width/emoji-regex": ["emoji-regex@8.0.0", "", {}, "sha512-MSjYzcWNOA0ewAHpz0MxpYFvwg6yjy1NG3xteoqz644VCo/RPgnr1/GGt+ic3iJTzQ8Eu3TdM14SawnVUmGE6A=="],

    "@inquirer/select/@inquirer/core/wrap-ansi/string-width/emoji-regex": ["emoji-regex@8.0.0", "", {}, "sha512-MSjYzcWNOA0ewAHpz0MxpYFvwg6yjy1NG3xteoqz644VCo/RPgnr1/GGt+ic3iJTzQ8Eu3TdM14SawnVUmGE6A=="],
  }
}
